
Microsoft Visual Studio Solution File, Format Version 12.00
# Visual Studio 15
VisualStudioVersion = 15.0.27130.2036
MinimumVisualStudioVersion = 10.0.40219.1
Project("{F184B08F-C81C-45F6-A57F-5ABD9991F28F}") = "SparrowsChaletReservation", "SparrowsChaletReservation\SparrowsChaletReservation.vbproj", "{DE5F671D-EA5A-4473-B620-756D146E0843}"
EndProject
Global
	GlobalSection(SolutionConfigurationPlatforms) = preSolution
		Debug|Any CPU = Debug|Any CPU
		Release|Any CPU = Release|Any CPU
	EndGlobalSection
	GlobalSection(ProjectConfigurationPlatforms) = postSolution
		{DE5F671D-EA5A-4473-B620-756D146E0843}.Debug|Any CPU.ActiveCfg = Debug|Any CPU
		{DE5F671D-EA5A-4473-B620-756D146E0843}.Debug|Any CPU.Build.0 = Debug|Any CPU
		{DE5F671D-EA5A-4473-B620-756D146E0843}.Release|Any CPU.ActiveCfg = Release|Any CPU
		{DE5F671D-EA5A-4473-B620-756D146E0843}.Release|Any CPU.Build.0 = Release|Any CPU
	EndGlobalSection
	GlobalSection(SolutionProperties) = preSolution
		HideSolutionNode = FALSE
	EndGlobalSection
	GlobalSection(ExtensibilityGlobals) = postSolution
		SolutionGuid = {00E93512-CB70-4287-A5A0-5818884AD299}
	EndGlobalSection
EndGlobal
